
Microsoft Visual Studio Solution File, Format Version 12.00
# Visual Studio Version 16
VisualStudioVersion = 16.0.32002.261
MinimumVisualStudioVersion = 10.0.40219.1
Project("{FAE04EC0-301F-11D3-BF4B-00C04F79EFBC}") = "TP-SIM-7", "TP-SIM-7\TP-SIM-7.csproj", "{9B2C896F-084B-4499-9344-E676D8E383DF}"
EndProject
Global
	GlobalSection(SolutionConfigurationPlatforms) = preSolution
		Debug|Any CPU = Debug|Any CPU
		Release|Any CPU = Release|Any CPU
	EndGlobalSection
	GlobalSection(ProjectConfigurationPlatforms) = postSolution
		{9B2C896F-084B-4499-9344-E676D8E383DF}.Debug|Any CPU.ActiveCfg = Debug|Any CPU
		{9B2C896F-084B-4499-9344-E676D8E383DF}.Debug|Any CPU.Build.0 = Debug|Any CPU
		{9B2C896F-084B-4499-9344-E676D8E383DF}.Release|Any CPU.ActiveCfg = Release|Any CPU
		{9B2C896F-084B-4499-9344-E676D8E383DF}.Release|Any CPU.Build.0 = Release|Any CPU
	EndGlobalSection
	GlobalSection(SolutionProperties) = preSolution
		HideSolutionNode = FALSE
	EndGlobalSection
	GlobalSection(ExtensibilityGlobals) = postSolution
		SolutionGuid = {146B0C17-A4A4-4001-828B-1290C03D04F7}
	EndGlobalSection
EndGlobal
